
Microsoft Visual Studio Solution File, Format Version 12.00
# Visual Studio 14
VisualStudioVersion = 14.0.23107.0
MinimumVisualStudioVersion = 10.0.40219.1
Project("{FAE04EC0-301F-11D3-BF4B-00C04F79EFBC}") = "FietsSimGui", "FietsSimGui\FietsSimGui.csproj", "{B89624AE-E2D0-43AA-9723-D719E1ACBC3D}"
EndProject
Global
	GlobalSection(SolutionConfigurationPlatforms) = preSolution
		Debug|Any CPU = Debug|Any CPU
		Release|Any CPU = Release|Any CPU
	EndGlobalSection
	GlobalSection(ProjectConfigurationPlatforms) = postSolution
		{B89624AE-E2D0-43AA-9723-D719E1ACBC3D}.Debug|Any CPU.ActiveCfg = Debug|Any CPU
		{B89624AE-E2D0-43AA-9723-D719E1ACBC3D}.Debug|Any CPU.Build.0 = Debug|Any CPU
		{B89624AE-E2D0-43AA-9723-D719E1ACBC3D}.Release|Any CPU.ActiveCfg = Release|Any CPU
		{B89624AE-E2D0-43AA-9723-D719E1ACBC3D}.Release|Any CPU.Build.0 = Release|Any CPU
	EndGlobalSection
	GlobalSection(SolutionProperties) = preSolution
		HideSolutionNode = FALSE
	EndGlobalSection
EndGlobal
